
Microsoft Visual Studio Solution File, Format Version 12.00
# Visual Studio Version 17
VisualStudioVersion = 17.0.31903.59
MinimumVisualStudioVersion = 10.0.40219.1
Project("{2150E333-8FDC-42A3-9474-1A3956D46DE8}") = ".Solution Files", ".Solution Files", "{1D02327C-493E-4D13-9D91-42B34BE7724C}"
	ProjectSection(SolutionItems) = preProject
		.editorconfig = .editorconfig
		..\.gitignore = ..\.gitignore
		Directory.Build.props = Directory.Build.props
		..\LICENSE.md = ..\LICENSE.md
		..\README.md = ..\README.md
	EndProjectSection
EndProject
Project("{9A19103F-16F7-4668-BE54-9A1E7A4F7556}") = "BlazorRcon", "BlazorRcon\BlazorRcon.csproj", "{82A65B6E-5CDF-412E-9B04-56D2A214DD61}"
EndProject
Project("{FAE04EC0-301F-11D3-BF4B-00C04F79EFBC}") = "BlazorRcon.Common", "BlazorRcon.Common\BlazorRcon.Common.csproj", "{3CD23A4E-0E39-488D-B2B6-994252C6B216}"
EndProject
Global
	GlobalSection(SolutionConfigurationPlatforms) = preSolution
		Debug|Any CPU = Debug|Any CPU
		Release|Any CPU = Release|Any CPU
	EndGlobalSection
	GlobalSection(ProjectConfigurationPlatforms) = postSolution
		{82A65B6E-5CDF-412E-9B04-56D2A214DD61}.Debug|Any CPU.ActiveCfg = Debug|Any CPU
		{82A65B6E-5CDF-412E-9B04-56D2A214DD61}.Debug|Any CPU.Build.0 = Debug|Any CPU
		{82A65B6E-5CDF-412E-9B04-56D2A214DD61}.Release|Any CPU.ActiveCfg = Release|Any CPU
		{82A65B6E-5CDF-412E-9B04-56D2A214DD61}.Release|Any CPU.Build.0 = Release|Any CPU
		{3CD23A4E-0E39-488D-B2B6-994252C6B216}.Debug|Any CPU.ActiveCfg = Debug|Any CPU
		{3CD23A4E-0E39-488D-B2B6-994252C6B216}.Debug|Any CPU.Build.0 = Debug|Any CPU
		{3CD23A4E-0E39-488D-B2B6-994252C6B216}.Release|Any CPU.ActiveCfg = Release|Any CPU
		{3CD23A4E-0E39-488D-B2B6-994252C6B216}.Release|Any CPU.Build.0 = Release|Any CPU
	EndGlobalSection
	GlobalSection(SolutionProperties) = preSolution
		HideSolutionNode = FALSE
	EndGlobalSection
	GlobalSection(ExtensibilityGlobals) = postSolution
		SolutionGuid = {D8E342B1-1E76-44EA-B99D-94712D9647A0}
	EndGlobalSection
EndGlobal
